
Microsoft Visual Studio Solution File, Format Version 12.00
Project("{9A19103F-16F7-4668-BE54-9A1E7A4F7556}") = "VectorFEM3D", "VectorFEM3D.csproj", "{6270F415-0E50-49B7-B472-C5BF98F40131}"
EndProject
Global
	GlobalSection(SolutionConfigurationPlatforms) = preSolution
		Debug|Any CPU = Debug|Any CPU
		Release|Any CPU = Release|Any CPU
	EndGlobalSection
	GlobalSection(ProjectConfigurationPlatforms) = postSolution
		{6270F415-0E50-49B7-B472-C5BF98F40131}.Debug|Any CPU.ActiveCfg = Debug|Any CPU
		{6270F415-0E50-49B7-B472-C5BF98F40131}.Debug|Any CPU.Build.0 = Debug|Any CPU
		{6270F415-0E50-49B7-B472-C5BF98F40131}.Release|Any CPU.ActiveCfg = Release|Any CPU
		{6270F415-0E50-49B7-B472-C5BF98F40131}.Release|Any CPU.Build.0 = Release|Any CPU
	EndGlobalSection
EndGlobal
